<?xml version="1.0" encoding="UTF-8" standalone="yes" ?>
<CodeBlocks_project_file>
	<FileVersion major="1" minor="6" />
	<Project>
		<Option title="UART_SocServ_test" />
		<Option pch_mode="2" />
		<Option compiler="gcc" />
		<Build>
			<Target title="Debug">
				<Option output="bin/Debug/UART_SocServ_test" prefix_auto="1" extension_auto="1" />
				<Option object_output="obj/Debug/" />
				<Option type="1" />
				<Option compiler="gcc" />
				<Compiler>
					<Add option="-g" />
				</Compiler>
			</Target>
			<Target title="Release">
				<Option output="bin/Release/UART_SocServ_test" prefix_auto="1" extension_auto="1" />
				<Option object_output="obj/Release/" />
				<Option type="1" />
				<Option compiler="gcc" />
				<Compiler>
					<Add option="-O2" />
				</Compiler>
				<Linker>
					<Add option="-s" />
				</Linker>
			</Target>
		</Build>
		<Compiler>
			<Add option="-Wall" />
			<Add option="-std=gnu++17" />
			<Add option="-fexceptions" />
		</Compiler>
		<Unit filename="crc8.c">
			<Option compilerVar="CC" />
		</Unit>
		<Unit filename="crc8.h" />
		<Unit filename="dispatch.cpp" />
		<Unit filename="dispatch.h" />
		<Unit filename="mSLIP.cpp">
			<Option compilerVar="CC" />
		</Unit>
		<Unit filename="mSLIP.h" />
		<Unit filename="main.cpp" />
		<Unit filename="serial.cpp" />
		<Unit filename="serial.h" />
		<Extensions>
			<lib_finder disable_auto="1" />
		</Extensions>
	</Project>
</CodeBlocks_project_file>
